
Microsoft Visual Studio Solution File, Format Version 12.00
# Visual Studio Version 16
VisualStudioVersion = 16.0.30503.244
MinimumVisualStudioVersion = 10.0.40219.1
Project("{FAE04EC0-301F-11D3-BF4B-00C04F79EFBC}") = "MemoryCache.MainApp", "MemoryCache\MemoryCache.MainApp.csproj", "{90C22562-B0CF-4B10-B399-6E1F7A988A80}"
	ProjectSection(ProjectDependencies) = postProject
		{90E5FD12-8FEC-4A65-9595-A33EB2BA6341} = {90E5FD12-8FEC-4A65-9595-A33EB2BA6341}
		{7D62456A-D4DA-4C70-9ACF-493A9702D13D} = {7D62456A-D4DA-4C70-9ACF-493A9702D13D}
	EndProjectSection
EndProject
Project("{FAE04EC0-301F-11D3-BF4B-00C04F79EFBC}") = "MemoryCache.Data", "MemmoryCache.Data\MemoryCache.Data.csproj", "{7D62456A-D4DA-4C70-9ACF-493A9702D13D}"
EndProject
Project("{FAE04EC0-301F-11D3-BF4B-00C04F79EFBC}") = "MemoryCache.Core", "MemoryCache.Core\MemoryCache.Core.csproj", "{90E5FD12-8FEC-4A65-9595-A33EB2BA6341}"
EndProject
Project("{FAE04EC0-301F-11D3-BF4B-00C04F79EFBC}") = "MemoryCache.BL", "MemoryCache.BL\MemoryCache.BL.csproj", "{4882BEC1-529E-4100-9E0E-9D4C1E4BFCF1}"
EndProject
Global
	GlobalSection(SolutionConfigurationPlatforms) = preSolution
		Debug|Any CPU = Debug|Any CPU
		Release|Any CPU = Release|Any CPU
	EndGlobalSection
	GlobalSection(ProjectConfigurationPlatforms) = postSolution
		{90C22562-B0CF-4B10-B399-6E1F7A988A80}.Debug|Any CPU.ActiveCfg = Debug|Any CPU
		{90C22562-B0CF-4B10-B399-6E1F7A988A80}.Debug|Any CPU.Build.0 = Debug|Any CPU
		{90C22562-B0CF-4B10-B399-6E1F7A988A80}.Release|Any CPU.ActiveCfg = Release|Any CPU
		{90C22562-B0CF-4B10-B399-6E1F7A988A80}.Release|Any CPU.Build.0 = Release|Any CPU
		{7D62456A-D4DA-4C70-9ACF-493A9702D13D}.Debug|Any CPU.ActiveCfg = Debug|Any CPU
		{7D62456A-D4DA-4C70-9ACF-493A9702D13D}.Debug|Any CPU.Build.0 = Debug|Any CPU
		{7D62456A-D4DA-4C70-9ACF-493A9702D13D}.Release|Any CPU.ActiveCfg = Release|Any CPU
		{7D62456A-D4DA-4C70-9ACF-493A9702D13D}.Release|Any CPU.Build.0 = Release|Any CPU
		{90E5FD12-8FEC-4A65-9595-A33EB2BA6341}.Debug|Any CPU.ActiveCfg = Debug|Any CPU
		{90E5FD12-8FEC-4A65-9595-A33EB2BA6341}.Debug|Any CPU.Build.0 = Debug|Any CPU
		{90E5FD12-8FEC-4A65-9595-A33EB2BA6341}.Release|Any CPU.ActiveCfg = Release|Any CPU
		{90E5FD12-8FEC-4A65-9595-A33EB2BA6341}.Release|Any CPU.Build.0 = Release|Any CPU
		{4882BEC1-529E-4100-9E0E-9D4C1E4BFCF1}.Debug|Any CPU.ActiveCfg = Debug|Any CPU
		{4882BEC1-529E-4100-9E0E-9D4C1E4BFCF1}.Debug|Any CPU.Build.0 = Debug|Any CPU
		{4882BEC1-529E-4100-9E0E-9D4C1E4BFCF1}.Release|Any CPU.ActiveCfg = Release|Any CPU
		{4882BEC1-529E-4100-9E0E-9D4C1E4BFCF1}.Release|Any CPU.Build.0 = Release|Any CPU
	EndGlobalSection
	GlobalSection(SolutionProperties) = preSolution
		HideSolutionNode = FALSE
	EndGlobalSection
	GlobalSection(ExtensibilityGlobals) = postSolution
		SolutionGuid = {221DA1C5-2893-4755-82D9-14363F44D772}
	EndGlobalSection
EndGlobal
